
Microsoft Visual Studio Solution File, Format Version 12.00
# Visual Studio Version 17
VisualStudioVersion = 17.0.31903.59
MinimumVisualStudioVersion = 10.0.40219.1
Project("{2150E333-8FDC-42A3-9474-1A3956D46DE8}") = "src", "src", "{2D78BDA4-CD0B-480D-A47E-38AEC7047477}"
EndProject
Project("{9A19103F-16F7-4668-BE54-9A1E7A4F7556}") = "ContentNegotiation.Api", "src\ContentNegotiation.Api\ContentNegotiation.Api.csproj", "{5792F633-C2D4-40C4-AE55-7AED6C77605E}"
EndProject
Global
	GlobalSection(SolutionConfigurationPlatforms) = preSolution
		Debug|Any CPU = Debug|Any CPU
		Release|Any CPU = Release|Any CPU
	EndGlobalSection
	GlobalSection(ProjectConfigurationPlatforms) = postSolution
		{5792F633-C2D4-40C4-AE55-7AED6C77605E}.Debug|Any CPU.ActiveCfg = Debug|Any CPU
		{5792F633-C2D4-40C4-AE55-7AED6C77605E}.Debug|Any CPU.Build.0 = Debug|Any CPU
		{5792F633-C2D4-40C4-AE55-7AED6C77605E}.Release|Any CPU.ActiveCfg = Release|Any CPU
		{5792F633-C2D4-40C4-AE55-7AED6C77605E}.Release|Any CPU.Build.0 = Release|Any CPU
	EndGlobalSection
	GlobalSection(SolutionProperties) = preSolution
		HideSolutionNode = FALSE
	EndGlobalSection
	GlobalSection(NestedProjects) = preSolution
		{5792F633-C2D4-40C4-AE55-7AED6C77605E} = {2D78BDA4-CD0B-480D-A47E-38AEC7047477}
	EndGlobalSection
	GlobalSection(ExtensibilityGlobals) = postSolution
		SolutionGuid = {1F01407A-ECFF-4643-BFDC-F9FDA74197E9}
	EndGlobalSection
EndGlobal
